
Microsoft Visual Studio Solution File, Format Version 12.00
# Visual Studio Version 17
VisualStudioVersion = 17.10.35013.160
MinimumVisualStudioVersion = 10.0.40219.1
Project("{FAE04EC0-301F-11D3-BF4B-00C04F79EFBC}") = "UserList.API", "UserList.API.csproj", "{30766E70-ECB7-497D-A9FA-A7B71AAACA10}"
EndProject
Global
	GlobalSection(SolutionConfigurationPlatforms) = preSolution
		Debug|Any CPU = Debug|Any CPU
		Release|Any CPU = Release|Any CPU
	EndGlobalSection
	GlobalSection(ProjectConfigurationPlatforms) = postSolution
		{30766E70-ECB7-497D-A9FA-A7B71AAACA10}.Debug|Any CPU.ActiveCfg = Debug|Any CPU
		{30766E70-ECB7-497D-A9FA-A7B71AAACA10}.Debug|Any CPU.Build.0 = Debug|Any CPU
		{30766E70-ECB7-497D-A9FA-A7B71AAACA10}.Release|Any CPU.ActiveCfg = Release|Any CPU
		{30766E70-ECB7-497D-A9FA-A7B71AAACA10}.Release|Any CPU.Build.0 = Release|Any CPU
	EndGlobalSection
	GlobalSection(SolutionProperties) = preSolution
		HideSolutionNode = FALSE
	EndGlobalSection
	GlobalSection(ExtensibilityGlobals) = postSolution
		SolutionGuid = {7859A137-D56B-4469-A5DA-A26DFB23983D}
	EndGlobalSection
EndGlobal
